// !$*UTF8*$!
{
	archiveVersion = 1;
	classes = {
	};
	objectVersion = 52;
	objects = {

/* Begin PBXBuildFile section */
		94332CB523686C4500AC4242 /* MstSkill.swift in Sources */ = {isa = PBXBuildFile; fileRef = 94332CB423686C4500AC4242 /* MstSkill.swift */; };
		94332CEB2368767D00AC4242 /* MstSkillDetail.swift in Sources */ = {isa = PBXBuildFile; fileRef = 94332CEA2368767D00AC4242 /* MstSkillDetail.swift */; };
		94441AC223684CAE00C42213 /* Array+DatabaseValueConvertible.swift in Sources */ = {isa = PBXBuildFile; fileRef = 94441AC123684CAE00C42213 /* Array+DatabaseValueConvertible.swift */; };
		94441AC52368553C00C42213 /* StringProtocol+subscript.swift in Sources */ = {isa = PBXBuildFile; fileRef = 94441AC42368553C00C42213 /* StringProtocol+subscript.swift */; };
		94441AC723685DA100C42213 /* MasterDataService.swift in Sources */ = {isa = PBXBuildFile; fileRef = 94441AC623685DA100C42213 /* MasterDataService.swift */; };
		944B27B3236A781C007FD48C /* MstSvt.swift in Sources */ = {isa = PBXBuildFile; fileRef = 944B27B2236A781C007FD48C /* MstSvt.swift */; };
		944B27B5236A806A007FD48C /* MstSvtLimit.swift in Sources */ = {isa = PBXBuildFile; fileRef = 944B27B4236A806A007FD48C /* MstSvtLimit.swift */; };
		944B27B7236A8690007FD48C /* MstSkillLv.swift in Sources */ = {isa = PBXBuildFile; fileRef = 944B27B6236A8690007FD48C /* MstSkillLv.swift */; };
		944B27B9236A86DD007FD48C /* MstSvtSkill.swift in Sources */ = {isa = PBXBuildFile; fileRef = 944B27B8236A86DD007FD48C /* MstSvtSkill.swift */; };
		944B27BB236A97AE007FD48C /* MstItem.swift in Sources */ = {isa = PBXBuildFile; fileRef = 944B27BA236A97AE007FD48C /* MstItem.swift */; };
		944B27BE236A9BF5007FD48C /* FGOSkill.swift in Sources */ = {isa = PBXBuildFile; fileRef = 944B27BD236A9BF5007FD48C /* FGOSkill.swift */; };
		944B27C0236A9CF1007FD48C /* FGOEffect.swift in Sources */ = {isa = PBXBuildFile; fileRef = 944B27BF236A9CF1007FD48C /* FGOEffect.swift */; };
		94B6E705236B1AAA005B73AF /* md.sqlite in Resources */ = {isa = PBXBuildFile; fileRef = 94B6E704236B1A8A005B73AF /* md.sqlite */; };
		94E6134B2367D899002F13BD /* AppDelegate.swift in Sources */ = {isa = PBXBuildFile; fileRef = 94E6134A2367D899002F13BD /* AppDelegate.swift */; };
		94E6134F2367D899002F13BD /* ViewController.swift in Sources */ = {isa = PBXBuildFile; fileRef = 94E6134E2367D899002F13BD /* ViewController.swift */; };
		94E613522367D899002F13BD /* Main.storyboard in Resources */ = {isa = PBXBuildFile; fileRef = 94E613502367D899002F13BD /* Main.storyboard */; };
		94E613552367D899002F13BD /* FateGO_Wiki.xcdatamodeld in Sources */ = {isa = PBXBuildFile; fileRef = 94E613532367D899002F13BD /* FateGO_Wiki.xcdatamodeld */; };
		94E613572367D89C002F13BD /* Assets.xcassets in Resources */ = {isa = PBXBuildFile; fileRef = 94E613562367D89C002F13BD /* Assets.xcassets */; };
		94E6135A2367D89C002F13BD /* LaunchScreen.storyboard in Resources */ = {isa = PBXBuildFile; fileRef = 94E613582367D89C002F13BD /* LaunchScreen.storyboard */; };
		94E613632367DE42002F13BD /* Alamofire in Frameworks */ = {isa = PBXBuildFile; productRef = 94E613622367DE42002F13BD /* Alamofire */; };
		94E613662367DF49002F13BD /* Kingfisher in Frameworks */ = {isa = PBXBuildFile; productRef = 94E613652367DF49002F13BD /* Kingfisher */; };
		94E613692367E36F002F13BD /* GRDB in Frameworks */ = {isa = PBXBuildFile; productRef = 94E613682367E36F002F13BD /* GRDB */; };
		94E6136C2367E3A0002F13BD /* SnapKit in Frameworks */ = {isa = PBXBuildFile; productRef = 94E6136B2367E3A0002F13BD /* SnapKit */; };
		94E6136F2367E441002F13BD /* RxSwift in Frameworks */ = {isa = PBXBuildFile; productRef = 94E6136E2367E441002F13BD /* RxSwift */; };
		94E613712367E441002F13BD /* RxCocoa in Frameworks */ = {isa = PBXBuildFile; productRef = 94E613702367E441002F13BD /* RxCocoa */; };
/* End PBXBuildFile section */

/* Begin PBXFileReference section */
		94332CB423686C4500AC4242 /* MstSkill.swift */ = {isa = PBXFileReference; lastKnownFileType = sourcecode.swift; path = MstSkill.swift; sourceTree = "<group>"; };
		94332CEA2368767D00AC4242 /* MstSkillDetail.swift */ = {isa = PBXFileReference; fileEncoding = 4; lastKnownFileType = sourcecode.swift; path = MstSkillDetail.swift; sourceTree = "<group>"; };
		94441AC123684CAE00C42213 /* Array+DatabaseValueConvertible.swift */ = {isa = PBXFileReference; lastKnownFileType = sourcecode.swift; path = "Array+DatabaseValueConvertible.swift"; sourceTree = "<group>"; };
		94441AC42368553C00C42213 /* StringProtocol+subscript.swift */ = {isa = PBXFileReference; lastKnownFileType = sourcecode.swift; path = "StringProtocol+subscript.swift"; sourceTree = "<group>"; };
		94441AC623685DA100C42213 /* MasterDataService.swift */ = {isa = PBXFileReference; lastKnownFileType = sourcecode.swift; path = MasterDataService.swift; sourceTree = "<group>"; };
		944B27B2236A781C007FD48C /* MstSvt.swift */ = {isa = PBXFileReference; fileEncoding = 4; lastKnownFileType = sourcecode.swift; path = MstSvt.swift; sourceTree = "<group>"; };
		944B27B4236A806A007FD48C /* MstSvtLimit.swift */ = {isa = PBXFileReference; fileEncoding = 4; lastKnownFileType = sourcecode.swift; path = MstSvtLimit.swift; sourceTree = "<group>"; };
		944B27B6236A8690007FD48C /* MstSkillLv.swift */ = {isa = PBXFileReference; fileEncoding = 4; lastKnownFileType = sourcecode.swift; path = MstSkillLv.swift; sourceTree = "<group>"; };
		944B27B8236A86DD007FD48C /* MstSvtSkill.swift */ = {isa = PBXFileReference; fileEncoding = 4; lastKnownFileType = sourcecode.swift; path = MstSvtSkill.swift; sourceTree = "<group>"; };
		944B27BA236A97AE007FD48C /* MstItem.swift */ = {isa = PBXFileReference; fileEncoding = 4; lastKnownFileType = sourcecode.swift; path = MstItem.swift; sourceTree = "<group>"; };
		944B27BD236A9BF5007FD48C /* FGOSkill.swift */ = {isa = PBXFileReference; lastKnownFileType = sourcecode.swift; path = FGOSkill.swift; sourceTree = "<group>"; };
		944B27BF236A9CF1007FD48C /* FGOEffect.swift */ = {isa = PBXFileReference; lastKnownFileType = sourcecode.swift; path = FGOEffect.swift; sourceTree = "<group>"; };
		94B6E704236B1A8A005B73AF /* md.sqlite */ = {isa = PBXFileReference; lastKnownFileType = file; path = md.sqlite; sourceTree = "<group>"; };
		94E613472367D899002F13BD /* FateGO Wiki.app */ = {isa = PBXFileReference; explicitFileType = wrapper.application; includeInIndex = 0; path = "FateGO Wiki.app"; sourceTree = BUILT_PRODUCTS_DIR; };
		94E6134A2367D899002F13BD /* AppDelegate.swift */ = {isa = PBXFileReference; lastKnownFileType = sourcecode.swift; path = AppDelegate.swift; sourceTree = "<group>"; };
		94E6134E2367D899002F13BD /* ViewController.swift */ = {isa = PBXFileReference; lastKnownFileType = sourcecode.swift; path = ViewController.swift; sourceTree = "<group>"; };
		94E613512367D899002F13BD /* Base */ = {isa = PBXFileReference; lastKnownFileType = file.storyboard; name = Base; path = Base.lproj/Main.storyboard; sourceTree = "<group>"; };
		94E613542367D899002F13BD /* FateGO_Wiki.xcdatamodel */ = {isa = PBXFileReference; lastKnownFileType = wrapper.xcdatamodel; path = FateGO_Wiki.xcdatamodel; sourceTree = "<group>"; };
		94E613562367D89C002F13BD /* Assets.xcassets */ = {isa = PBXFileReference; lastKnownFileType = folder.assetcatalog; path = Assets.xcassets; sourceTree = "<group>"; };
		94E613592367D89C002F13BD /* Base */ = {isa = PBXFileReference; lastKnownFileType = file.storyboard; name = Base; path = Base.lproj/LaunchScreen.storyboard; sourceTree = "<group>"; };
		94E6135B2367D89C002F13BD /* Info.plist */ = {isa = PBXFileReference; lastKnownFileType = text.plist.xml; path = Info.plist; sourceTree = "<group>"; };
/* End PBXFileReference section */

/* Begin PBXFrameworksBuildPhase section */
		94E613442367D899002F13BD /* Frameworks */ = {
			isa = PBXFrameworksBuildPhase;
			buildActionMask = 2147483647;
			files = (
				94E613712367E441002F13BD /* RxCocoa in Frameworks */,
				94E613692367E36F002F13BD /* GRDB in Frameworks */,
				94E6136C2367E3A0002F13BD /* SnapKit in Frameworks */,
				94E6136F2367E441002F13BD /* RxSwift in Frameworks */,
				94E613662367DF49002F13BD /* Kingfisher in Frameworks */,
				94E613632367DE42002F13BD /* Alamofire in Frameworks */,
			);
			runOnlyForDeploymentPostprocessing = 0;
		};
/* End PBXFrameworksBuildPhase section */

/* Begin PBXGroup section */
		94332CB323686C3600AC4242 /* Records */ = {
			isa = PBXGroup;
			children = (
				944B27BA236A97AE007FD48C /* MstItem.swift */,
				944B27B2236A781C007FD48C /* MstSvt.swift */,
				944B27B4236A806A007FD48C /* MstSvtLimit.swift */,
				944B27B8236A86DD007FD48C /* MstSvtSkill.swift */,
				94332CB423686C4500AC4242 /* MstSkill.swift */,
				94332CEA2368767D00AC4242 /* MstSkillDetail.swift */,
				944B27B6236A8690007FD48C /* MstSkillLv.swift */,
			);
			path = Records;
			sourceTree = "<group>";
		};
		94332CEC2368772F00AC4242 /* Resources */ = {
			isa = PBXGroup;
			children = (
				94B6E704236B1A8A005B73AF /* md.sqlite */,
			);
			path = Resources;
			sourceTree = "<group>";
		};
		94441ABE23684BFE00C42213 /* Services */ = {
			isa = PBXGroup;
			children = (
				94441ABF23684C1100C42213 /* SQLite */,
			);
			path = Services;
			sourceTree = "<group>";
		};
		94441ABF23684C1100C42213 /* SQLite */ = {
			isa = PBXGroup;
			children = (
				944B27BC236A9BB1007FD48C /* Entries */,
				94332CB323686C3600AC4242 /* Records */,
				94441AC023684C6700C42213 /* Extensions */,
				94441AC623685DA100C42213 /* MasterDataService.swift */,
			);
			path = SQLite;
			sourceTree = "<group>";
		};
		94441AC023684C6700C42213 /* Extensions */ = {
			isa = PBXGroup;
			children = (
				94441AC123684CAE00C42213 /* Array+DatabaseValueConvertible.swift */,
			);
			path = Extensions;
			sourceTree = "<group>";
		};
		94441AC32368552500C42213 /* Utilities */ = {
			isa = PBXGroup;
			children = (
				94441AC42368553C00C42213 /* StringProtocol+subscript.swift */,
			);
			path = Utilities;
			sourceTree = "<group>";
		};
		944B27BC236A9BB1007FD48C /* Entries */ = {
			isa = PBXGroup;
			children = (
				944B27BD236A9BF5007FD48C /* FGOSkill.swift */,
				944B27BF236A9CF1007FD48C /* FGOEffect.swift */,
			);
			path = Entries;
			sourceTree = "<group>";
		};
		94E6133E2367D899002F13BD = {
			isa = PBXGroup;
			children = (
				94E613492367D899002F13BD /* FateGO Wiki */,
				94E613482367D899002F13BD /* Products */,
			);
			sourceTree = "<group>";
		};
		94E613482367D899002F13BD /* Products */ = {
			isa = PBXGroup;
			children = (
				94E613472367D899002F13BD /* FateGO Wiki.app */,
			);
			name = Products;
			sourceTree = "<group>";
		};
		94E613492367D899002F13BD /* FateGO Wiki */ = {
			isa = PBXGroup;
			children = (
				94332CEC2368772F00AC4242 /* Resources */,
				94441AC32368552500C42213 /* Utilities */,
				94441ABE23684BFE00C42213 /* Services */,
				94E6134A2367D899002F13BD /* AppDelegate.swift */,
				94E6134E2367D899002F13BD /* ViewController.swift */,
				94E613502367D899002F13BD /* Main.storyboard */,
				94E613562367D89C002F13BD /* Assets.xcassets */,
				94E613582367D89C002F13BD /* LaunchScreen.storyboard */,
				94E6135B2367D89C002F13BD /* Info.plist */,
				94E613532367D899002F13BD /* FateGO_Wiki.xcdatamodeld */,
			);
			path = "FateGO Wiki";
			sourceTree = "<group>";
		};
/* End PBXGroup section */

/* Begin PBXNativeTarget section */
		94E613462367D899002F13BD /* FateGO Wiki */ = {
			isa = PBXNativeTarget;
			buildConfigurationList = 94E6135E2367D89C002F13BD /* Build configuration list for PBXNativeTarget "FateGO Wiki" */;
			buildPhases = (
				94E613432367D899002F13BD /* Sources */,
				94E613442367D899002F13BD /* Frameworks */,
				94E613452367D899002F13BD /* Resources */,
			);
			buildRules = (
			);
			dependencies = (
			);
			name = "FateGO Wiki";
			packageProductDependencies = (
				94E613622367DE42002F13BD /* Alamofire */,
				94E613652367DF49002F13BD /* Kingfisher */,
				94E613682367E36F002F13BD /* GRDB */,
				94E6136B2367E3A0002F13BD /* SnapKit */,
				94E6136E2367E441002F13BD /* RxSwift */,
				94E613702367E441002F13BD /* RxCocoa */,
			);
			productName = "FateGO Wiki";
			productReference = 94E613472367D899002F13BD /* FateGO Wiki.app */;
			productType = "com.apple.product-type.application";
		};
/* End PBXNativeTarget section */

/* Begin PBXProject section */
		94E6133F2367D899002F13BD /* Project object */ = {
			isa = PBXProject;
			attributes = {
				LastSwiftUpdateCheck = 1110;
				LastUpgradeCheck = 1110;
				ORGANIZATIONNAME = "白云飞";
				TargetAttributes = {
					94E613462367D899002F13BD = {
						CreatedOnToolsVersion = 11.1;
					};
				};
			};
			buildConfigurationList = 94E613422367D899002F13BD /* Build configuration list for PBXProject "FateGO Wiki" */;
			compatibilityVersion = "Xcode 9.3";
			developmentRegion = en;
			hasScannedForEncodings = 0;
			knownRegions = (
				en,
				Base,
			);
			mainGroup = 94E6133E2367D899002F13BD;
			packageReferences = (
				94E613612367DE42002F13BD /* XCRemoteSwiftPackageReference "Alamofire" */,
				94E613642367DF49002F13BD /* XCRemoteSwiftPackageReference "Kingfisher" */,
				94E613672367E36E002F13BD /* XCRemoteSwiftPackageReference "GRDB.swift" */,
				94E6136A2367E3A0002F13BD /* XCRemoteSwiftPackageReference "SnapKit" */,
				94E6136D2367E441002F13BD /* XCRemoteSwiftPackageReference "RxSwift" */,
			);
			productRefGroup = 94E613482367D899002F13BD /* Products */;
			projectDirPath = "";
			projectRoot = "";
			targets = (
				94E613462367D899002F13BD /* FateGO Wiki */,
			);
		};
/* End PBXProject section */

/* Begin PBXResourcesBuildPhase section */
		94E613452367D899002F13BD /* Resources */ = {
			isa = PBXResourcesBuildPhase;
			buildActionMask = 2147483647;
			files = (
				94E6135A2367D89C002F13BD /* LaunchScreen.storyboard in Resources */,
				94E613572367D89C002F13BD /* Assets.xcassets in Resources */,
				94B6E705236B1AAA005B73AF /* md.sqlite in Resources */,
				94E613522367D899002F13BD /* Main.storyboard in Resources */,
			);
			runOnlyForDeploymentPostprocessing = 0;
		};
/* End PBXResourcesBuildPhase section */

/* Begin PBXSourcesBuildPhase section */
		94E613432367D899002F13BD /* Sources */ = {
			isa = PBXSourcesBuildPhase;
			buildActionMask = 2147483647;
			files = (
				94441AC223684CAE00C42213 /* Array+DatabaseValueConvertible.swift in Sources */,
				944B27B7236A8690007FD48C /* MstSkillLv.swift in Sources */,
				94332CB523686C4500AC4242 /* MstSkill.swift in Sources */,
				94E6134F2367D899002F13BD /* ViewController.swift in Sources */,
				944B27BE236A9BF5007FD48C /* FGOSkill.swift in Sources */,
				944B27C0236A9CF1007FD48C /* FGOEffect.swift in Sources */,
				944B27B9236A86DD007FD48C /* MstSvtSkill.swift in Sources */,
				94E613552367D899002F13BD /* FateGO_Wiki.xcdatamodeld in Sources */,
				944B27B3236A781C007FD48C /* MstSvt.swift in Sources */,
				94441AC52368553C00C42213 /* StringProtocol+subscript.swift in Sources */,
				944B27BB236A97AE007FD48C /* MstItem.swift in Sources */,
				94332CEB2368767D00AC4242 /* MstSkillDetail.swift in Sources */,
				94E6134B2367D899002F13BD /* AppDelegate.swift in Sources */,
				944B27B5236A806A007FD48C /* MstSvtLimit.swift in Sources */,
				94441AC723685DA100C42213 /* MasterDataService.swift in Sources */,
			);
			runOnlyForDeploymentPostprocessing = 0;
		};
/* End PBXSourcesBuildPhase section */

/* Begin PBXVariantGroup section */
		94E613502367D899002F13BD /* Main.storyboard */ = {
			isa = PBXVariantGroup;
			children = (
				94E613512367D899002F13BD /* Base */,
			);
			name = Main.storyboard;
			sourceTree = "<group>";
		};
		94E613582367D89C002F13BD /* LaunchScreen.storyboard */ = {
			isa = PBXVariantGroup;
			children = (
				94E613592367D89C002F13BD /* Base */,
			);
			name = LaunchScreen.storyboard;
			sourceTree = "<group>";
		};
/* End PBXVariantGroup section */

/* Begin XCBuildConfiguration section */
		94E6135C2367D89C002F13BD /* Debug */ = {
			isa = XCBuildConfiguration;
			buildSettings = {
				ALWAYS_SEARCH_USER_PATHS = NO;
				CLANG_ANALYZER_NONNULL = YES;
				CLANG_ANALYZER_NUMBER_OBJECT_CONVERSION = YES_AGGRESSIVE;
				CLANG_CXX_LANGUAGE_STANDARD = "gnu++14";
				CLANG_CXX_LIBRARY = "libc++";
				CLANG_ENABLE_MODULES = YES;
				CLANG_ENABLE_OBJC_ARC = YES;
				CLANG_ENABLE_OBJC_WEAK = YES;
				CLANG_WARN_BLOCK_CAPTURE_AUTORELEASING = YES;
				CLANG_WARN_BOOL_CONVERSION = YES;
				CLANG_WARN_COMMA = YES;
				CLANG_WARN_CONSTANT_CONVERSION = YES;
				CLANG_WARN_DEPRECATED_OBJC_IMPLEMENTATIONS = YES;
				CLANG_WARN_DIRECT_OBJC_ISA_USAGE = YES_ERROR;
				CLANG_WARN_DOCUMENTATION_COMMENTS = YES;
				CLANG_WARN_EMPTY_BODY = YES;
				CLANG_WARN_ENUM_CONVERSION = YES;
				CLANG_WARN_INFINITE_RECURSION = YES;
				CLANG_WARN_INT_CONVERSION = YES;
				CLANG_WARN_NON_LITERAL_NULL_CONVERSION = YES;
				CLANG_WARN_OBJC_IMPLICIT_RETAIN_SELF = YES;
				CLANG_WARN_OBJC_LITERAL_CONVERSION = YES;
				CLANG_WARN_OBJC_ROOT_CLASS = YES_ERROR;
				CLANG_WARN_RANGE_LOOP_ANALYSIS = YES;
				CLANG_WARN_STRICT_PROTOTYPES = YES;
				CLANG_WARN_SUSPICIOUS_MOVE = YES;
				CLANG_WARN_UNGUARDED_AVAILABILITY = YES_AGGRESSIVE;
				CLANG_WARN_UNREACHABLE_CODE = YES;
				CLANG_WARN__DUPLICATE_METHOD_MATCH = YES;
				COPY_PHASE_STRIP = NO;
				DEBUG_INFORMATION_FORMAT = dwarf;
				ENABLE_STRICT_OBJC_MSGSEND = YES;
				ENABLE_TESTABILITY = YES;
				GCC_C_LANGUAGE_STANDARD = gnu11;
				GCC_DYNAMIC_NO_PIC = NO;
				GCC_NO_COMMON_BLOCKS = YES;
				GCC_OPTIMIZATION_LEVEL = 0;
				GCC_PREPROCESSOR_DEFINITIONS = (
					"DEBUG=1",
					"$(inherited)",
				);
				GCC_WARN_64_TO_32_BIT_CONVERSION = YES;
				GCC_WARN_ABOUT_RETURN_TYPE = YES_ERROR;
				GCC_WARN_UNDECLARED_SELECTOR = YES;
				GCC_WARN_UNINITIALIZED_AUTOS = YES_AGGRESSIVE;
				GCC_WARN_UNUSED_FUNCTION = YES;
				GCC_WARN_UNUSED_VARIABLE = YES;
				IPHONEOS_DEPLOYMENT_TARGET = 12.0;
				MTL_ENABLE_DEBUG_INFO = INCLUDE_SOURCE;
				MTL_FAST_MATH = YES;
				ONLY_ACTIVE_ARCH = YES;
				SDKROOT = iphoneos;
				SWIFT_ACTIVE_COMPILATION_CONDITIONS = DEBUG;
				SWIFT_OPTIMIZATION_LEVEL = "-Onone";
			};
			name = Debug;
		};
		94E6135D2367D89C002F13BD /* Release */ = {
			isa = XCBuildConfiguration;
			buildSettings = {
				ALWAYS_SEARCH_USER_PATHS = NO;
				CLANG_ANALYZER_NONNULL = YES;
				CLANG_ANALYZER_NUMBER_OBJECT_CONVERSION = YES_AGGRESSIVE;
				CLANG_CXX_LANGUAGE_STANDARD = "gnu++14";
				CLANG_CXX_LIBRARY = "libc++";
				CLANG_ENABLE_MODULES = YES;
				CLANG_ENABLE_OBJC_ARC = YES;
				CLANG_ENABLE_OBJC_WEAK = YES;
				CLANG_WARN_BLOCK_CAPTURE_AUTORELEASING = YES;
				CLANG_WARN_BOOL_CONVERSION = YES;
				CLANG_WARN_COMMA = YES;
				CLANG_WARN_CONSTANT_CONVERSION = YES;
				CLANG_WARN_DEPRECATED_OBJC_IMPLEMENTATIONS = YES;
				CLANG_WARN_DIRECT_OBJC_ISA_USAGE = YES_ERROR;
				CLANG_WARN_DOCUMENTATION_COMMENTS = YES;
				CLANG_WARN_EMPTY_BODY = YES;
				CLANG_WARN_ENUM_CONVERSION = YES;
				CLANG_WARN_INFINITE_RECURSION = YES;
				CLANG_WARN_INT_CONVERSION = YES;
				CLANG_WARN_NON_LITERAL_NULL_CONVERSION = YES;
				CLANG_WARN_OBJC_IMPLICIT_RETAIN_SELF = YES;
				CLANG_WARN_OBJC_LITERAL_CONVERSION = YES;
				CLANG_WARN_OBJC_ROOT_CLASS = YES_ERROR;
				CLANG_WARN_RANGE_LOOP_ANALYSIS = YES;
				CLANG_WARN_STRICT_PROTOTYPES = YES;
				CLANG_WARN_SUSPICIOUS_MOVE = YES;
				CLANG_WARN_UNGUARDED_AVAILABILITY = YES_AGGRESSIVE;
				CLANG_WARN_UNREACHABLE_CODE = YES;
				CLANG_WARN__DUPLICATE_METHOD_MATCH = YES;
				COPY_PHASE_STRIP = NO;
				DEBUG_INFORMATION_FORMAT = "dwarf-with-dsym";
				ENABLE_NS_ASSERTIONS = NO;
				ENABLE_STRICT_OBJC_MSGSEND = YES;
				GCC_C_LANGUAGE_STANDARD = gnu11;
				GCC_NO_COMMON_BLOCKS = YES;
				GCC_WARN_64_TO_32_BIT_CONVERSION = YES;
				GCC_WARN_ABOUT_RETURN_TYPE = YES_ERROR;
				GCC_WARN_UNDECLARED_SELECTOR = YES;
				GCC_WARN_UNINITIALIZED_AUTOS = YES_AGGRESSIVE;
				GCC_WARN_UNUSED_FUNCTION = YES;
				GCC_WARN_UNUSED_VARIABLE = YES;
				IPHONEOS_DEPLOYMENT_TARGET = 12.0;
				MTL_ENABLE_DEBUG_INFO = NO;
				MTL_FAST_MATH = YES;
				SDKROOT = iphoneos;
				SWIFT_COMPILATION_MODE = wholemodule;
				SWIFT_OPTIMIZATION_LEVEL = "-O";
				VALIDATE_PRODUCT = YES;
			};
			name = Release;
		};
		94E6135F2367D89C002F13BD /* Debug */ = {
			isa = XCBuildConfiguration;
			buildSettings = {
				ASSETCATALOG_COMPILER_APPICON_NAME = AppIcon;
				CODE_SIGN_STYLE = Automatic;
				DEVELOPMENT_TEAM = Z734C7U23P;
				INFOPLIST_FILE = "FateGO Wiki/Info.plist";
				IPHONEOS_DEPLOYMENT_TARGET = 12.0;
				LD_RUNPATH_SEARCH_PATHS = (
					"$(inherited)",
					"@executable_path/Frameworks",
				);
				PRODUCT_BUNDLE_IDENTIFIER = "com.ujs.byunfi.FateGO-Wiki";
				PRODUCT_NAME = "$(TARGET_NAME)";
				SWIFT_VERSION = 5.0;
				TARGETED_DEVICE_FAMILY = "1,2";
			};
			name = Debug;
		};
		94E613602367D89C002F13BD /* Release */ = {
			isa = XCBuildConfiguration;
			buildSettings = {
				ASSETCATALOG_COMPILER_APPICON_NAME = AppIcon;
				CODE_SIGN_STYLE = Automatic;
				DEVELOPMENT_TEAM = Z734C7U23P;
				INFOPLIST_FILE = "FateGO Wiki/Info.plist";
				IPHONEOS_DEPLOYMENT_TARGET = 12.0;
				LD_RUNPATH_SEARCH_PATHS = (
					"$(inherited)",
					"@executable_path/Frameworks",
				);
				PRODUCT_BUNDLE_IDENTIFIER = "com.ujs.byunfi.FateGO-Wiki";
				PRODUCT_NAME = "$(TARGET_NAME)";
				SWIFT_VERSION = 5.0;
				TARGETED_DEVICE_FAMILY = "1,2";
			};
			name = Release;
		};
/* End XCBuildConfiguration section */

/* Begin XCConfigurationList section */
		94E613422367D899002F13BD /* Build configuration list for PBXProject "FateGO Wiki" */ = {
			isa = XCConfigurationList;
			buildConfigurations = (
				94E6135C2367D89C002F13BD /* Debug */,
				94E6135D2367D89C002F13BD /* Release */,
			);
			defaultConfigurationIsVisible = 0;
			defaultConfigurationName = Release;
		};
		94E6135E2367D89C002F13BD /* Build configuration list for PBXNativeTarget "FateGO Wiki" */ = {
			isa = XCConfigurationList;
			buildConfigurations = (
				94E6135F2367D89C002F13BD /* Debug */,
				94E613602367D89C002F13BD /* Release */,
			);
			defaultConfigurationIsVisible = 0;
			defaultConfigurationName = Release;
		};
/* End XCConfigurationList section */

/* Begin XCRemoteSwiftPackageReference section */
		94E613612367DE42002F13BD /* XCRemoteSwiftPackageReference "Alamofire" */ = {
			isa = XCRemoteSwiftPackageReference;
			repositoryURL = "git@github.com:Alamofire/Alamofire.git";
			requirement = {
				kind = upToNextMajorVersion;
				minimumVersion = "5.0.0-rc.3";
			};
		};
		94E613642367DF49002F13BD /* XCRemoteSwiftPackageReference "Kingfisher" */ = {
			isa = XCRemoteSwiftPackageReference;
			repositoryURL = "git@github.com:onevcat/Kingfisher.git";
			requirement = {
				kind = upToNextMajorVersion;
				minimumVersion = 5.9.0;
			};
		};
		94E613672367E36E002F13BD /* XCRemoteSwiftPackageReference "GRDB.swift" */ = {
			isa = XCRemoteSwiftPackageReference;
			repositoryURL = "git@github.com:groue/GRDB.swift.git";
			requirement = {
				kind = upToNextMajorVersion;
				minimumVersion = 4.5.0;
			};
		};
		94E6136A2367E3A0002F13BD /* XCRemoteSwiftPackageReference "SnapKit" */ = {
			isa = XCRemoteSwiftPackageReference;
			repositoryURL = "git@github.com:SnapKit/SnapKit.git";
			requirement = {
				kind = upToNextMajorVersion;
				minimumVersion = 5.0.1;
			};
		};
		94E6136D2367E441002F13BD /* XCRemoteSwiftPackageReference "RxSwift" */ = {
			isa = XCRemoteSwiftPackageReference;
			repositoryURL = "git@github.com:ReactiveX/RxSwift.git";
			requirement = {
				kind = upToNextMajorVersion;
				minimumVersion = 5.0.1;
			};
		};
/* End XCRemoteSwiftPackageReference section */

/* Begin XCSwiftPackageProductDependency section */
		94E613622367DE42002F13BD /* Alamofire */ = {
			isa = XCSwiftPackageProductDependency;
			package = 94E613612367DE42002F13BD /* XCRemoteSwiftPackageReference "Alamofire" */;
			productName = Alamofire;
		};
		94E613652367DF49002F13BD /* Kingfisher */ = {
			isa = XCSwiftPackageProductDependency;
			package = 94E613642367DF49002F13BD /* XCRemoteSwiftPackageReference "Kingfisher" */;
			productName = Kingfisher;
		};
		94E613682367E36F002F13BD /* GRDB */ = {
			isa = XCSwiftPackageProductDependency;
			package = 94E613672367E36E002F13BD /* XCRemoteSwiftPackageReference "GRDB.swift" */;
			productName = GRDB;
		};
		94E6136B2367E3A0002F13BD /* SnapKit */ = {
			isa = XCSwiftPackageProductDependency;
			package = 94E6136A2367E3A0002F13BD /* XCRemoteSwiftPackageReference "SnapKit" */;
			productName = SnapKit;
		};
		94E6136E2367E441002F13BD /* RxSwift */ = {
			isa = XCSwiftPackageProductDependency;
			package = 94E6136D2367E441002F13BD /* XCRemoteSwiftPackageReference "RxSwift" */;
			productName = RxSwift;
		};
		94E613702367E441002F13BD /* RxCocoa */ = {
			isa = XCSwiftPackageProductDependency;
			package = 94E6136D2367E441002F13BD /* XCRemoteSwiftPackageReference "RxSwift" */;
			productName = RxCocoa;
		};
/* End XCSwiftPackageProductDependency section */

/* Begin XCVersionGroup section */
		94E613532367D899002F13BD /* FateGO_Wiki.xcdatamodeld */ = {
			isa = XCVersionGroup;
			children = (
				94E613542367D899002F13BD /* FateGO_Wiki.xcdatamodel */,
			);
			currentVersion = 94E613542367D899002F13BD /* FateGO_Wiki.xcdatamodel */;
			path = FateGO_Wiki.xcdatamodeld;
			sourceTree = "<group>";
			versionGroupType = wrapper.xcdatamodel;
		};
/* End XCVersionGroup section */
	};
	rootObject = 94E6133F2367D899002F13BD /* Project object */;
}
